# This file was autogenerated by Stack.
# You should not edit this file by hand.
# For more information, please see the documentation at:
#   https://docs.haskellstack.org/en/stable/lock_files

packages:
- completed:
    size: 8928
    url: https://github.com/obsidiansystems/aeson-gadt-th/archive/0f8263aa5fb59d296874bd505551c81fedb115d1.tar.gz
    cabal-file:
      size: 1545
      sha256: 8310b291138560dee01f3a5497ee196b9b93abb44955d43f1df5c1669ed336fe
    name: aeson-gadt-th
    version: 0.2.1.1
    sha256: d9a23022643858d6ef6444ab019e1a8a5d76759440a1d094116aed1f6b1ce485
    pantry-tree:
      size: 548
      sha256: 081d2371acea86eee317e796f01eca6c33f780c78e7e5ac70fdfbe9aa3eaf47d
  original:
    url: https://github.com/obsidiansystems/aeson-gadt-th/archive/0f8263aa5fb59d296874bd505551c81fedb115d1.tar.gz
snapshots:
- completed:
    size: 495203
    url: https://raw.githubusercontent.com/commercialhaskell/stackage-snapshots/master/lts/13/8.yaml
    sha256: 91139b0de6b320b13e27d5e6e6c368e239974b06fb9dc86d8d96da08697972ac
  original: lts-13.8
